
Microsoft Visual Studio Solution File, Format Version 12.00
# Visual Studio Version 16
VisualStudioVersion = 16.0.29424.173
MinimumVisualStudioVersion = 10.0.40219.1
Project("{9A19103F-16F7-4668-BE54-9A1E7A4F7556}") = "Andgasm.Http", "Andgasm.Http\Andgasm.Http.csproj", "{9F692C91-7023-4E3D-ABC3-85463FE69721}"
EndProject
Project("{9A19103F-16F7-4668-BE54-9A1E7A4F7556}") = "Andgasm.Http.Interfaces", "Andgasm.Http.Interfaces\Andgasm.Http.Interfaces.csproj", "{319D66B4-8109-42E5-B3D5-09868726FF4E}"
EndProject
Project("{FAE04EC0-301F-11D3-BF4B-00C04F79EFBC}") = "Andgasm.Http.Tests", "Andgasm.Http.Tests\Andgasm.Http.Tests.csproj", "{7AC96CE5-D94A-46D1-A16A-8C16CC0EDC1F}"
EndProject
Global
	GlobalSection(SolutionConfigurationPlatforms) = preSolution
		Debug|Any CPU = Debug|Any CPU
		Release|Any CPU = Release|Any CPU
	EndGlobalSection
	GlobalSection(ProjectConfigurationPlatforms) = postSolution
		{9F692C91-7023-4E3D-ABC3-85463FE69721}.Debug|Any CPU.ActiveCfg = Debug|Any CPU
		{9F692C91-7023-4E3D-ABC3-85463FE69721}.Debug|Any CPU.Build.0 = Debug|Any CPU
		{9F692C91-7023-4E3D-ABC3-85463FE69721}.Release|Any CPU.ActiveCfg = Release|Any CPU
		{9F692C91-7023-4E3D-ABC3-85463FE69721}.Release|Any CPU.Build.0 = Release|Any CPU
		{319D66B4-8109-42E5-B3D5-09868726FF4E}.Debug|Any CPU.ActiveCfg = Debug|Any CPU
		{319D66B4-8109-42E5-B3D5-09868726FF4E}.Debug|Any CPU.Build.0 = Debug|Any CPU
		{319D66B4-8109-42E5-B3D5-09868726FF4E}.Release|Any CPU.ActiveCfg = Release|Any CPU
		{319D66B4-8109-42E5-B3D5-09868726FF4E}.Release|Any CPU.Build.0 = Release|Any CPU
		{7AC96CE5-D94A-46D1-A16A-8C16CC0EDC1F}.Debug|Any CPU.ActiveCfg = Debug|Any CPU
		{7AC96CE5-D94A-46D1-A16A-8C16CC0EDC1F}.Debug|Any CPU.Build.0 = Debug|Any CPU
		{7AC96CE5-D94A-46D1-A16A-8C16CC0EDC1F}.Release|Any CPU.ActiveCfg = Release|Any CPU
		{7AC96CE5-D94A-46D1-A16A-8C16CC0EDC1F}.Release|Any CPU.Build.0 = Release|Any CPU
	EndGlobalSection
	GlobalSection(SolutionProperties) = preSolution
		HideSolutionNode = FALSE
	EndGlobalSection
	GlobalSection(ExtensibilityGlobals) = postSolution
		SolutionGuid = {DA36351B-35B4-4585-A3AA-779164AC870C}
	EndGlobalSection
EndGlobal
